
Microsoft Visual Studio Solution File, Format Version 12.00
Project("{FAE04EC0-301F-11D3-BF4B-00C04F79EFBC}") = "NKHook6-Impl", "NKHook6-Impl\NKHook6-Impl.csproj", "{796FD8F7-95F0-4FDE-9EBD-1574DB80EC3A}"
EndProject
Global
	GlobalSection(SolutionConfigurationPlatforms) = preSolution
		Debug|Any CPU = Debug|Any CPU
		Release|Any CPU = Release|Any CPU
	EndGlobalSection
	GlobalSection(ProjectConfigurationPlatforms) = postSolution
		{796FD8F7-95F0-4FDE-9EBD-1574DB80EC3A}.Debug|Any CPU.ActiveCfg = Debug|Any CPU
		{796FD8F7-95F0-4FDE-9EBD-1574DB80EC3A}.Debug|Any CPU.Build.0 = Debug|Any CPU
		{796FD8F7-95F0-4FDE-9EBD-1574DB80EC3A}.Release|Any CPU.ActiveCfg = Release|Any CPU
		{796FD8F7-95F0-4FDE-9EBD-1574DB80EC3A}.Release|Any CPU.Build.0 = Release|Any CPU
	EndGlobalSection
EndGlobal
